{
  "name": "clip-relay",
  "lockfileVersion": 3,
  "requires": true,
  "packages": {
    "": {
      "name": "clip-relay",
      "dependencies": {
        "@trystero-p2p/ws-relay": "^0.25.4"
      }
    },
    "node_modules/@trystero-p2p/core": {
      "version": "0.25.4",
      "resolved": "https://registry.npmjs.org/@trystero-p2p/core/-/core-0.25.4.tgz",
      "integrity": "sha512-ehvSL1FqW962XyEctXngeDF/IOM1bWmfCKBNR4vwmVa0JGfM0+dlY4TEzSEGghYp3qqGCrpFIVTxdvlBUGVO6Q==",
      "license": "MIT"
    },
    "node_modules/@trystero-p2p/ws-relay": {
      "version": "0.25.4",
      "resolved": "https://registry.npmjs.org/@trystero-p2p/ws-relay/-/ws-relay-0.25.4.tgz",
      "integrity": "sha512-IYyWontAE4eB0K2iWllklEbpGLAVAi5ydhEZeovNoGopYZFfIWZDJspswNSQexIK8l/JQoNdiGWVQCNTYcOmuA==",
      "license": "MIT",
      "dependencies": {
        "@trystero-p2p/core": "0.25.4",
        "@types/ws": "^8.18.1",
        "ws": "^8.21.1"
      }
    },
    "node_modules/@types/node": {
      "version": "26.6.1",
      "resolved": "https://registry.npmjs.org/@types/node/-/node-26.6.1.tgz",
      "integrity": "sha512-VqGJBMCtdhqkBUCcBLvywI0NJ+KLuVzgNnlBUNFOQjqVxzo2lxLUNg1DSey8+u2u6ktswSAxg+s68QLzWHNOuA==",
      "license": "MIT",
      "dependencies": {
        "undici-types": "~8.9.0"
      }
    },
    "node_modules/@types/ws": {
      "version": "8.18.1",
      "resolved": "https://registry.npmjs.org/@types/ws/-/ws-8.18.1.tgz",
      "integrity": "sha512-ThVF6DCVhA8kUGy+aazFQ4kXQ7E1Ty7A3ypFOe0IcJV8O/M511G99AW24irKrW56Wt44yG9+ij8FaqoBGkuBXg==",
      "license": "MIT",
      "dependencies": {
        "@types/node": "*"
      }
    },
    "node_modules/undici-types": {
      "version": "8.9.0",
      "resolved": "https://registry.npmjs.org/undici-types/-/undici-types-8.9.0.tgz",
      "integrity": "sha512-KTDyRTYX8sWmKXAikPHHSyc63CRPETMctyjKFupcC6OBLXT3xsN0e9aF7m+mIXutFWpUXuedtowG7iLOzp0kQg==",
      "license": "MIT"
    },
    "node_modules/ws": {
      "version": "8.21.3",
      "resolved": "https://registry.npmjs.org/ws/-/ws-8.21.3.tgz",
      "integrity": "sha512-201TZ/kPWxoPr/OKWjquZR1SWKXcvxdH+e1xrx89b3YbmzLMFCLfnaG1HFIgWzJOEWZ7MvpK++odZufgYR50Rw==",
      "license": "MIT",
      "engines": {
        "node": ">=10.0.0"
      },
      "peerDependencies": {
        "bufferutil": "^4.0.1",
        "utf-8-validate": ">=5.0.2"
      },
      "peerDependenciesMeta": {
        "bufferutil": {
          "optional": true
        },
        "utf-8-validate": {
          "optional": true
        }
      }
    }
  }
}
